
Microsoft Visual Studio Solution File, Format Version 12.00
# Visual Studio Version 16
VisualStudioVersion = 16.0.30523.141
MinimumVisualStudioVersion = 10.0.40219.1
Project("{FAE04EC0-301F-11D3-BF4B-00C04F79EFBC}") = "referenceTypes", "referenceTypes\referenceTypes.csproj", "{75507CDC-EFDA-4B19-BD42-54E693C8BCBF}"
EndProject
Global
	GlobalSection(SolutionConfigurationPlatforms) = preSolution
		Debug|Any CPU = Debug|Any CPU
		Release|Any CPU = Release|Any CPU
	EndGlobalSection
	GlobalSection(ProjectConfigurationPlatforms) = postSolution
		{75507CDC-EFDA-4B19-BD42-54E693C8BCBF}.Debug|Any CPU.ActiveCfg = Debug|Any CPU
		{75507CDC-EFDA-4B19-BD42-54E693C8BCBF}.Debug|Any CPU.Build.0 = Debug|Any CPU
		{75507CDC-EFDA-4B19-BD42-54E693C8BCBF}.Release|Any CPU.ActiveCfg = Release|Any CPU
		{75507CDC-EFDA-4B19-BD42-54E693C8BCBF}.Release|Any CPU.Build.0 = Release|Any CPU
	EndGlobalSection
	GlobalSection(SolutionProperties) = preSolution
		HideSolutionNode = FALSE
	EndGlobalSection
	GlobalSection(ExtensibilityGlobals) = postSolution
		SolutionGuid = {ACACC0E4-B22B-4FC0-BDAD-ABEF8C2B66A8}
	EndGlobalSection
EndGlobal
